// !$*UTF8*$!
{
	archiveVersion = 1;
	classes = {
	};
	objectVersion = 51;
	objects = {

/* Begin PBXBuildFile section */
		124A69ECE5AEF2DB4540E30E /* Pods_Mubooni.framework in Frameworks */ = {isa = PBXBuildFile; fileRef = 9AF3E744092B8C4D06D80BC6 /* Pods_Mubooni.framework */; };
		191B480726D4AC1F00552A2D /* SignInViewController.swift in Sources */ = {isa = PBXBuildFile; fileRef = 191B480626D4AC1F00552A2D /* SignInViewController.swift */; };
		191B480926D4AC3400552A2D /* Login.storyboard in Resources */ = {isa = PBXBuildFile; fileRef = 191B480826D4AC3400552A2D /* Login.storyboard */; };
		191B480D26D4ACB400552A2D /* ViewControllerHelper.swift in Sources */ = {isa = PBXBuildFile; fileRef = 191B480C26D4ACB400552A2D /* ViewControllerHelper.swift */; };
		191B481326D4BE5900552A2D /* Roboto-Regular.ttf in Resources */ = {isa = PBXBuildFile; fileRef = 191B481026D4BE5800552A2D /* Roboto-Regular.ttf */; };
		191B481426D4BE5900552A2D /* Roboto-Italic.ttf in Resources */ = {isa = PBXBuildFile; fileRef = 191B481126D4BE5900552A2D /* Roboto-Italic.ttf */; };
		191B481526D4BE5900552A2D /* Roboto-Bold.ttf in Resources */ = {isa = PBXBuildFile; fileRef = 191B481226D4BE5900552A2D /* Roboto-Bold.ttf */; };
		191B481726D4BEC900552A2D /* MainViewController.swift in Sources */ = {isa = PBXBuildFile; fileRef = 191B481626D4BEC900552A2D /* MainViewController.swift */; };
		191B481926D4C01500552A2D /* LoginViewController.swift in Sources */ = {isa = PBXBuildFile; fileRef = 191B481826D4C01500552A2D /* LoginViewController.swift */; };
		198C400E27583F96008866F2 /* FilteredPropertiesViewController.swift in Sources */ = {isa = PBXBuildFile; fileRef = 198C400D27583F96008866F2 /* FilteredPropertiesViewController.swift */; };
		19925B7C26D3E03200FC574F /* AppDelegate.swift in Sources */ = {isa = PBXBuildFile; fileRef = 19925B7B26D3E03200FC574F /* AppDelegate.swift */; };
		19925B7E26D3E03200FC574F /* SceneDelegate.swift in Sources */ = {isa = PBXBuildFile; fileRef = 19925B7D26D3E03200FC574F /* SceneDelegate.swift */; };
		19925B8326D3E03200FC574F /* Main.storyboard in Resources */ = {isa = PBXBuildFile; fileRef = 19925B8126D3E03200FC574F /* Main.storyboard */; };
		19925B8526D3E03300FC574F /* Assets.xcassets in Resources */ = {isa = PBXBuildFile; fileRef = 19925B8426D3E03300FC574F /* Assets.xcassets */; };
		19925B8826D3E03300FC574F /* LaunchScreen.storyboard in Resources */ = {isa = PBXBuildFile; fileRef = 19925B8626D3E03300FC574F /* LaunchScreen.storyboard */; };
		19925B9326D3E03300FC574F /* MubooniTests.swift in Sources */ = {isa = PBXBuildFile; fileRef = 19925B9226D3E03300FC574F /* MubooniTests.swift */; };
		19925B9E26D3E03300FC574F /* MubooniUITests.swift in Sources */ = {isa = PBXBuildFile; fileRef = 19925B9D26D3E03300FC574F /* MubooniUITests.swift */; };
		199720B526D5F11C0044BE8D /* UIView+Extension.swift in Sources */ = {isa = PBXBuildFile; fileRef = 199720B426D5F11C0044BE8D /* UIView+Extension.swift */; };
		199720B726D5F1910044BE8D /* UIColorExtension.swift in Sources */ = {isa = PBXBuildFile; fileRef = 199720B626D5F1910044BE8D /* UIColorExtension.swift */; };
		199720B926D617D00044BE8D /* SignupViewController.swift in Sources */ = {isa = PBXBuildFile; fileRef = 199720B826D617D00044BE8D /* SignupViewController.swift */; };
		199720BB26D63B9D0044BE8D /* IntroScreensViewController.swift in Sources */ = {isa = PBXBuildFile; fileRef = 199720BA26D63B9D0044BE8D /* IntroScreensViewController.swift */; };
		199720BE26D63D330044BE8D /* IntroScreensCell.swift in Sources */ = {isa = PBXBuildFile; fileRef = 199720BD26D63D330044BE8D /* IntroScreensCell.swift */; };
		199720C126D63E360044BE8D /* AppConstants.swift in Sources */ = {isa = PBXBuildFile; fileRef = 199720C026D63E360044BE8D /* AppConstants.swift */; };
		199720C526D640D30044BE8D /* Poppins-Regular.ttf in Resources */ = {isa = PBXBuildFile; fileRef = 199720C326D640D30044BE8D /* Poppins-Regular.ttf */; };
		199720C626D640D30044BE8D /* Poppins-Bold.ttf in Resources */ = {isa = PBXBuildFile; fileRef = 199720C426D640D30044BE8D /* Poppins-Bold.ttf */; };
		19A262B12722BDC100EDF5CE /* UserProfile.swift in Sources */ = {isa = PBXBuildFile; fileRef = 19A262B02722BDC100EDF5CE /* UserProfile.swift */; };
		19A262B32722C72000EDF5CE /* FindServiceProviderViewController.swift in Sources */ = {isa = PBXBuildFile; fileRef = 19A262B22722C72000EDF5CE /* FindServiceProviderViewController.swift */; };
		19AD9E30271E94E0007639F1 /* WSConstants.swift in Sources */ = {isa = PBXBuildFile; fileRef = 19AD9E2F271E94E0007639F1 /* WSConstants.swift */; };
		19AD9E32271E9560007639F1 /* WSManager.swift in Sources */ = {isa = PBXBuildFile; fileRef = 19AD9E31271E9560007639F1 /* WSManager.swift */; };
		19AD9E34271E98EF007639F1 /* GoogleService-Info.plist in Resources */ = {isa = PBXBuildFile; fileRef = 19AD9E33271E98EF007639F1 /* GoogleService-Info.plist */; };
		19EBE01527213A3100BD307F /* UserRoles.swift in Sources */ = {isa = PBXBuildFile; fileRef = 19EBE01427213A3100BD307F /* UserRoles.swift */; };
		19EBE01727213D5900BD307F /* Specilizations.swift in Sources */ = {isa = PBXBuildFile; fileRef = 19EBE01627213D5900BD307F /* Specilizations.swift */; };
		19EBE01E27214BE900BD307F /* Helper.swift in Sources */ = {isa = PBXBuildFile; fileRef = 19EBE01D27214BE900BD307F /* Helper.swift */; };
		19EBE02127216A6B00BD307F /* Singleton.swift in Sources */ = {isa = PBXBuildFile; fileRef = 19EBE02027216A6A00BD307F /* Singleton.swift */; };
		19EBE023272187E900BD307F /* AgentDashboardViewController.swift in Sources */ = {isa = PBXBuildFile; fileRef = 19EBE022272187E900BD307F /* AgentDashboardViewController.swift */; };
		19EBE025272187FD00BD307F /* Agent.storyboard in Resources */ = {isa = PBXBuildFile; fileRef = 19EBE024272187FD00BD307F /* Agent.storyboard */; };
		40017FF827621FFD00955022 /* Tenants.swift in Sources */ = {isa = PBXBuildFile; fileRef = 40017FF727621FFD00955022 /* Tenants.swift */; };
		40124054275DED1C0080FBA7 /* UnitType.swift in Sources */ = {isa = PBXBuildFile; fileRef = 40124053275DED1C0080FBA7 /* UnitType.swift */; };
		40124058275F3FCE0080FBA7 /* SearchOnMapViewController.swift in Sources */ = {isa = PBXBuildFile; fileRef = 40124057275F3FCE0080FBA7 /* SearchOnMapViewController.swift */; };
		4012405A275F42A30080FBA7 /* InquirySubmissionViewController.swift in Sources */ = {isa = PBXBuildFile; fileRef = 40124059275F42A30080FBA7 /* InquirySubmissionViewController.swift */; };
		4012405C2760AB3F0080FBA7 /* Jobs.swift in Sources */ = {isa = PBXBuildFile; fileRef = 4012405B2760AB3F0080FBA7 /* Jobs.swift */; };
		4012405E2761C2CA0080FBA7 /* AddPropertyImageCell.swift in Sources */ = {isa = PBXBuildFile; fileRef = 4012405D2761C2CA0080FBA7 /* AddPropertyImageCell.swift */; };
		401240602761D3AB0080FBA7 /* AddPropertyUnitCell.swift in Sources */ = {isa = PBXBuildFile; fileRef = 4012405F2761D3AB0080FBA7 /* AddPropertyUnitCell.swift */; };
		40464E3E2758C21100615908 /* JobListViewController.swift in Sources */ = {isa = PBXBuildFile; fileRef = 40464E3D2758C21100615908 /* JobListViewController.swift */; };
		40464E402758C2FC00615908 /* ShuffleProfileViewController.swift in Sources */ = {isa = PBXBuildFile; fileRef = 40464E3F2758C2FC00615908 /* ShuffleProfileViewController.swift */; };
		405671272763236400626314 /* AddProperty.swift in Sources */ = {isa = PBXBuildFile; fileRef = 405671262763236400626314 /* AddProperty.swift */; };
		4084A6A4276211010032AABF /* PaymentReports.swift in Sources */ = {isa = PBXBuildFile; fileRef = 4084A6A3276211010032AABF /* PaymentReports.swift */; };
		4084A6A6276217EF0032AABF /* BookShortStayViewController.swift in Sources */ = {isa = PBXBuildFile; fileRef = 4084A6A5276217EF0032AABF /* BookShortStayViewController.swift */; };
		40A4B9652754ABA700B9622E /* FiltersViewController.swift in Sources */ = {isa = PBXBuildFile; fileRef = 40A4B9642754ABA700B9622E /* FiltersViewController.swift */; };
		40A4B9672754BF6900B9622E /* CheckboxCell.swift in Sources */ = {isa = PBXBuildFile; fileRef = 40A4B9662754BF6900B9622E /* CheckboxCell.swift */; };
		40A4B96D27588C8A00B9622E /* ServiceProviders.swift in Sources */ = {isa = PBXBuildFile; fileRef = 40A4B96C27588C8A00B9622E /* ServiceProviders.swift */; };
		40A4B96F27588FC900B9622E /* ServiceProviderCell.swift in Sources */ = {isa = PBXBuildFile; fileRef = 40A4B96E27588FC900B9622E /* ServiceProviderCell.swift */; };
		40A4B9712758A07300B9622E /* FindServiceProviderCell.swift in Sources */ = {isa = PBXBuildFile; fileRef = 40A4B9702758A07300B9622E /* FindServiceProviderCell.swift */; };
		40A4B9732758A6DA00B9622E /* ServiceProviderDetailViewController.swift in Sources */ = {isa = PBXBuildFile; fileRef = 40A4B9722758A6DA00B9622E /* ServiceProviderDetailViewController.swift */; };
		40A665A02750AA890047674C /* ImagesCell.swift in Sources */ = {isa = PBXBuildFile; fileRef = 40A6659F2750AA890047674C /* ImagesCell.swift */; };
		40A665A42750C1D90047674C /* LocationManager.swift in Sources */ = {isa = PBXBuildFile; fileRef = 40A665A32750C1D90047674C /* LocationManager.swift */; };
		40C97FD02771B39700E21538 /* SettingsViewController.swift in Sources */ = {isa = PBXBuildFile; fileRef = 40C97FCF2771B39700E21538 /* SettingsViewController.swift */; };
		40C97FD32771D45900E21538 /* UserDefaultConstants.swift in Sources */ = {isa = PBXBuildFile; fileRef = 40C97FD22771D45900E21538 /* UserDefaultConstants.swift */; };
		40C97FD52771DAB800E21538 /* NavigationViewController.swift in Sources */ = {isa = PBXBuildFile; fileRef = 40C97FD42771DAB800E21538 /* NavigationViewController.swift */; };
		40D4CF942761EB6F00942F1B /* AreaType.swift in Sources */ = {isa = PBXBuildFile; fileRef = 40D4CF932761EB6F00942F1B /* AreaType.swift */; };
		802DEDD1275F6257008DD8B7 /* TenantListViewController.swift in Sources */ = {isa = PBXBuildFile; fileRef = 802DEDD0275F6257008DD8B7 /* TenantListViewController.swift */; };
		802DEDD3275F6298008DD8B7 /* TenantListCell.swift in Sources */ = {isa = PBXBuildFile; fileRef = 802DEDD2275F6298008DD8B7 /* TenantListCell.swift */; };
		802DEDD5275F7803008DD8B7 /* ServiceReportViewController.swift in Sources */ = {isa = PBXBuildFile; fileRef = 802DEDD4275F7803008DD8B7 /* ServiceReportViewController.swift */; };
		802DEDD7275F781E008DD8B7 /* ServiceReportCell.swift in Sources */ = {isa = PBXBuildFile; fileRef = 802DEDD6275F781E008DD8B7 /* ServiceReportCell.swift */; };
		8B1BE167274386C7006D5005 /* ProfileViewController.swift in Sources */ = {isa = PBXBuildFile; fileRef = 8B1BE166274386C7006D5005 /* ProfileViewController.swift */; };
		8B9A78FD2746158E0020753B /* layer46@3x.png in Resources */ = {isa = PBXBuildFile; fileRef = 8B9A78FC2746158E0020753B /* layer46@3x.png */; };
		8B9A7901274625170020753B /* AddPropertyDescriptionViewController.swift in Sources */ = {isa = PBXBuildFile; fileRef = 8B9A7900274625170020753B /* AddPropertyDescriptionViewController.swift */; };
		8B9A7903274625430020753B /* AddPropertyMediaViewController.swift in Sources */ = {isa = PBXBuildFile; fileRef = 8B9A7902274625430020753B /* AddPropertyMediaViewController.swift */; };
		8B9A7905274625880020753B /* AddPropertyDetailsViewController.swift in Sources */ = {isa = PBXBuildFile; fileRef = 8B9A7904274625880020753B /* AddPropertyDetailsViewController.swift */; };
		8B9A7907274625CE0020753B /* AddPropertyAmenitiesViewController.swift in Sources */ = {isa = PBXBuildFile; fileRef = 8B9A7906274625CE0020753B /* AddPropertyAmenitiesViewController.swift */; };
		8B9A7909274628FD0020753B /* Roboto-Medium.ttf in Resources */ = {isa = PBXBuildFile; fileRef = 8B9A7908274628FD0020753B /* Roboto-Medium.ttf */; };
		8B9BE98C2746564900A472AA /* PropertyType.swift in Sources */ = {isa = PBXBuildFile; fileRef = 8B9BE98B2746564900A472AA /* PropertyType.swift */; };
		8BAE3C6E271FE982007C4400 /* UITextField+Extension.swift in Sources */ = {isa = PBXBuildFile; fileRef = 8BAE3C6D271FE982007C4400 /* UITextField+Extension.swift */; };
		8BBA3ADB26D7B572000E1F6F /* MainFeaturedCell.swift in Sources */ = {isa = PBXBuildFile; fileRef = 8BBA3ADA26D7B572000E1F6F /* MainFeaturedCell.swift */; };
		8BCA42F7273BA773002BC5BD /* AlertMessages.swift in Sources */ = {isa = PBXBuildFile; fileRef = 8BCA42F6273BA773002BC5BD /* AlertMessages.swift */; };
		8BCA42F9273BAE29002BC5BD /* Properties.swift in Sources */ = {isa = PBXBuildFile; fileRef = 8BCA42F8273BAE29002BC5BD /* Properties.swift */; };
		8BCA42FB273BC230002BC5BD /* Units.swift in Sources */ = {isa = PBXBuildFile; fileRef = 8BCA42FA273BC230002BC5BD /* Units.swift */; };
		8BCA42FD273D1346002BC5BD /* MyPropertiesViewController.swift in Sources */ = {isa = PBXBuildFile; fileRef = 8BCA42FC273D1346002BC5BD /* MyPropertiesViewController.swift */; };
		8BCA42FF273D16EB002BC5BD /* MyPropertiesCell.swift in Sources */ = {isa = PBXBuildFile; fileRef = 8BCA42FE273D16EB002BC5BD /* MyPropertiesCell.swift */; };
		8BCA4301273E2CA1002BC5BD /* AgentPropertyDetailViewController.swift in Sources */ = {isa = PBXBuildFile; fileRef = 8BCA4300273E2CA1002BC5BD /* AgentPropertyDetailViewController.swift */; };
		988F5BD6275F229E008497F0 /* JobListCell.swift in Sources */ = {isa = PBXBuildFile; fileRef = 988F5BD5275F229E008497F0 /* JobListCell.swift */; };
/* End PBXBuildFile section */

/* Begin PBXContainerItemProxy section */
		19925B8F26D3E03300FC574F /* PBXContainerItemProxy */ = {
			isa = PBXContainerItemProxy;
			containerPortal = 19925B7026D3E03200FC574F /* Project object */;
			proxyType = 1;
			remoteGlobalIDString = 19925B7726D3E03200FC574F;
			remoteInfo = Mubooni;
		};
		19925B9A26D3E03300FC574F /* PBXContainerItemProxy */ = {
			isa = PBXContainerItemProxy;
			containerPortal = 19925B7026D3E03200FC574F /* Project object */;
			proxyType = 1;
			remoteGlobalIDString = 19925B7726D3E03200FC574F;
			remoteInfo = Mubooni;
		};
/* End PBXContainerItemProxy section */

/* Begin PBXFileReference section */
		191B480626D4AC1F00552A2D /* SignInViewController.swift */ = {isa = PBXFileReference; lastKnownFileType = sourcecode.swift; path = SignInViewController.swift; sourceTree = "<group>"; };
		191B480826D4AC3400552A2D /* Login.storyboard */ = {isa = PBXFileReference; lastKnownFileType = file.storyboard; path = Login.storyboard; sourceTree = "<group>"; };
		191B480C26D4ACB400552A2D /* ViewControllerHelper.swift */ = {isa = PBXFileReference; fileEncoding = 4; lastKnownFileType = sourcecode.swift; path = ViewControllerHelper.swift; sourceTree = "<group>"; };
		191B481026D4BE5800552A2D /* Roboto-Regular.ttf */ = {isa = PBXFileReference; lastKnownFileType = file; path = "Roboto-Regular.ttf"; sourceTree = "<group>"; };
		191B481126D4BE5900552A2D /* Roboto-Italic.ttf */ = {isa = PBXFileReference; lastKnownFileType = file; path = "Roboto-Italic.ttf"; sourceTree = "<group>"; };
		191B481226D4BE5900552A2D /* Roboto-Bold.ttf */ = {isa = PBXFileReference; lastKnownFileType = file; path = "Roboto-Bold.ttf"; sourceTree = "<group>"; };
		191B481626D4BEC900552A2D /* MainViewController.swift */ = {isa = PBXFileReference; lastKnownFileType = sourcecode.swift; path = MainViewController.swift; sourceTree = "<group>"; };
		191B481826D4C01500552A2D /* LoginViewController.swift */ = {isa = PBXFileReference; lastKnownFileType = sourcecode.swift; path = LoginViewController.swift; sourceTree = "<group>"; };
		198C400D27583F96008866F2 /* FilteredPropertiesViewController.swift */ = {isa = PBXFileReference; lastKnownFileType = sourcecode.swift; path = FilteredPropertiesViewController.swift; sourceTree = "<group>"; };
		19925B7826D3E03200FC574F /* Mubooni.app */ = {isa = PBXFileReference; explicitFileType = wrapper.application; includeInIndex = 0; path = Mubooni.app; sourceTree = BUILT_PRODUCTS_DIR; };
		19925B7B26D3E03200FC574F /* AppDelegate.swift */ = {isa = PBXFileReference; lastKnownFileType = sourcecode.swift; path = AppDelegate.swift; sourceTree = "<group>"; };
		19925B7D26D3E03200FC574F /* SceneDelegate.swift */ = {isa = PBXFileReference; lastKnownFileType = sourcecode.swift; path = SceneDelegate.swift; sourceTree = "<group>"; };
		19925B8226D3E03200FC574F /* Base */ = {isa = PBXFileReference; lastKnownFileType = file.storyboard; name = Base; path = Base.lproj/Main.storyboard; sourceTree = "<group>"; };
		19925B8426D3E03300FC574F /* Assets.xcassets */ = {isa = PBXFileReference; lastKnownFileType = folder.assetcatalog; path = Assets.xcassets; sourceTree = "<group>"; };
		19925B8726D3E03300FC574F /* Base */ = {isa = PBXFileReference; lastKnownFileType = file.storyboard; name = Base; path = Base.lproj/LaunchScreen.storyboard; sourceTree = "<group>"; };
		19925B8926D3E03300FC574F /* Info.plist */ = {isa = PBXFileReference; lastKnownFileType = text.plist.xml; path = Info.plist; sourceTree = "<group>"; };
		19925B8E26D3E03300FC574F /* MubooniTests.xctest */ = {isa = PBXFileReference; explicitFileType = wrapper.cfbundle; includeInIndex = 0; path = MubooniTests.xctest; sourceTree = BUILT_PRODUCTS_DIR; };
		19925B9226D3E03300FC574F /* MubooniTests.swift */ = {isa = PBXFileReference; lastKnownFileType = sourcecode.swift; path = MubooniTests.swift; sourceTree = "<group>"; };
		19925B9426D3E03300FC574F /* Info.plist */ = {isa = PBXFileReference; lastKnownFileType = text.plist.xml; path = Info.plist; sourceTree = "<group>"; };
		19925B9926D3E03300FC574F /* MubooniUITests.xctest */ = {isa = PBXFileReference; explicitFileType = wrapper.cfbundle; includeInIndex = 0; path = MubooniUITests.xctest; sourceTree = BUILT_PRODUCTS_DIR; };
		19925B9D26D3E03300FC574F /* MubooniUITests.swift */ = {isa = PBXFileReference; lastKnownFileType = sourcecode.swift; path = MubooniUITests.swift; sourceTree = "<group>"; };
		19925B9F26D3E03300FC574F /* Info.plist */ = {isa = PBXFileReference; lastKnownFileType = text.plist.xml; path = Info.plist; sourceTree = "<group>"; };
		199720B426D5F11C0044BE8D /* UIView+Extension.swift */ = {isa = PBXFileReference; lastKnownFileType = sourcecode.swift; path = "UIView+Extension.swift"; sourceTree = "<group>"; };
		199720B626D5F1910044BE8D /* UIColorExtension.swift */ = {isa = PBXFileReference; lastKnownFileType = sourcecode.swift; path = UIColorExtension.swift; sourceTree = "<group>"; };
		199720B826D617D00044BE8D /* SignupViewController.swift */ = {isa = PBXFileReference; lastKnownFileType = sourcecode.swift; path = SignupViewController.swift; sourceTree = "<group>"; };
		199720BA26D63B9D0044BE8D /* IntroScreensViewController.swift */ = {isa = PBXFileReference; lastKnownFileType = sourcecode.swift; path = IntroScreensViewController.swift; sourceTree = "<group>"; };
		199720BD26D63D330044BE8D /* IntroScreensCell.swift */ = {isa = PBXFileReference; lastKnownFileType = sourcecode.swift; path = IntroScreensCell.swift; sourceTree = "<group>"; };
		199720C026D63E360044BE8D /* AppConstants.swift */ = {isa = PBXFileReference; lastKnownFileType = sourcecode.swift; path = AppConstants.swift; sourceTree = "<group>"; };
		199720C326D640D30044BE8D /* Poppins-Regular.ttf */ = {isa = PBXFileReference; lastKnownFileType = file; path = "Poppins-Regular.ttf"; sourceTree = "<group>"; };
		199720C426D640D30044BE8D /* Poppins-Bold.ttf */ = {isa = PBXFileReference; lastKnownFileType = file; path = "Poppins-Bold.ttf"; sourceTree = "<group>"; };
		19A262B02722BDC100EDF5CE /* UserProfile.swift */ = {isa = PBXFileReference; lastKnownFileType = sourcecode.swift; path = UserProfile.swift; sourceTree = "<group>"; };
		19A262B22722C72000EDF5CE /* FindServiceProviderViewController.swift */ = {isa = PBXFileReference; lastKnownFileType = sourcecode.swift; path = FindServiceProviderViewController.swift; sourceTree = "<group>"; };
		19AD9E2F271E94E0007639F1 /* WSConstants.swift */ = {isa = PBXFileReference; lastKnownFileType = sourcecode.swift; path = WSConstants.swift; sourceTree = "<group>"; };
		19AD9E31271E9560007639F1 /* WSManager.swift */ = {isa = PBXFileReference; lastKnownFileType = sourcecode.swift; path = WSManager.swift; sourceTree = "<group>"; };
		19AD9E33271E98EF007639F1 /* GoogleService-Info.plist */ = {isa = PBXFileReference; fileEncoding = 4; lastKnownFileType = text.plist.xml; path = "GoogleService-Info.plist"; sourceTree = "<group>"; };
		19EBE01427213A3100BD307F /* UserRoles.swift */ = {isa = PBXFileReference; lastKnownFileType = sourcecode.swift; path = UserRoles.swift; sourceTree = "<group>"; };
		19EBE01627213D5900BD307F /* Specilizations.swift */ = {isa = PBXFileReference; lastKnownFileType = sourcecode.swift; path = Specilizations.swift; sourceTree = "<group>"; };
		19EBE01D27214BE900BD307F /* Helper.swift */ = {isa = PBXFileReference; lastKnownFileType = sourcecode.swift; path = Helper.swift; sourceTree = "<group>"; };
		19EBE02027216A6A00BD307F /* Singleton.swift */ = {isa = PBXFileReference; lastKnownFileType = sourcecode.swift; path = Singleton.swift; sourceTree = "<group>"; };
		19EBE022272187E900BD307F /* AgentDashboardViewController.swift */ = {isa = PBXFileReference; lastKnownFileType = sourcecode.swift; path = AgentDashboardViewController.swift; sourceTree = "<group>"; };
		19EBE024272187FD00BD307F /* Agent.storyboard */ = {isa = PBXFileReference; lastKnownFileType = file.storyboard; path = Agent.storyboard; sourceTree = "<group>"; };
		27D2AF2F5FFE53C629BFCC33 /* Pods-Mubooni.debug.xcconfig */ = {isa = PBXFileReference; includeInIndex = 1; lastKnownFileType = text.xcconfig; name = "Pods-Mubooni.debug.xcconfig"; path = "Target Support Files/Pods-Mubooni/Pods-Mubooni.debug.xcconfig"; sourceTree = "<group>"; };
		40017FF727621FFD00955022 /* Tenants.swift */ = {isa = PBXFileReference; lastKnownFileType = sourcecode.swift; path = Tenants.swift; sourceTree = "<group>"; };
		40124053275DED1C0080FBA7 /* UnitType.swift */ = {isa = PBXFileReference; lastKnownFileType = sourcecode.swift; path = UnitType.swift; sourceTree = "<group>"; };
		40124057275F3FCE0080FBA7 /* SearchOnMapViewController.swift */ = {isa = PBXFileReference; lastKnownFileType = sourcecode.swift; path = SearchOnMapViewController.swift; sourceTree = "<group>"; };
		40124059275F42A30080FBA7 /* InquirySubmissionViewController.swift */ = {isa = PBXFileReference; lastKnownFileType = sourcecode.swift; path = InquirySubmissionViewController.swift; sourceTree = "<group>"; };
		4012405B2760AB3F0080FBA7 /* Jobs.swift */ = {isa = PBXFileReference; lastKnownFileType = sourcecode.swift; path = Jobs.swift; sourceTree = "<group>"; };
		4012405D2761C2CA0080FBA7 /* AddPropertyImageCell.swift */ = {isa = PBXFileReference; lastKnownFileType = sourcecode.swift; path = AddPropertyImageCell.swift; sourceTree = "<group>"; };
		4012405F2761D3AB0080FBA7 /* AddPropertyUnitCell.swift */ = {isa = PBXFileReference; lastKnownFileType = sourcecode.swift; path = AddPropertyUnitCell.swift; sourceTree = "<group>"; };
		40464E3D2758C21100615908 /* JobListViewController.swift */ = {isa = PBXFileReference; lastKnownFileType = sourcecode.swift; path = JobListViewController.swift; sourceTree = "<group>"; };
		40464E3F2758C2FC00615908 /* ShuffleProfileViewController.swift */ = {isa = PBXFileReference; lastKnownFileType = sourcecode.swift; path = ShuffleProfileViewController.swift; sourceTree = "<group>"; };
		405671262763236400626314 /* AddProperty.swift */ = {isa = PBXFileReference; lastKnownFileType = sourcecode.swift; path = AddProperty.swift; sourceTree = "<group>"; };
		4084A6A3276211010032AABF /* PaymentReports.swift */ = {isa = PBXFileReference; lastKnownFileType = sourcecode.swift; path = PaymentReports.swift; sourceTree = "<group>"; };
		4084A6A5276217EF0032AABF /* BookShortStayViewController.swift */ = {isa = PBXFileReference; lastKnownFileType = sourcecode.swift; path = BookShortStayViewController.swift; sourceTree = "<group>"; };
		40A4B9642754ABA700B9622E /* FiltersViewController.swift */ = {isa = PBXFileReference; lastKnownFileType = sourcecode.swift; path = FiltersViewController.swift; sourceTree = "<group>"; };
		40A4B9662754BF6900B9622E /* CheckboxCell.swift */ = {isa = PBXFileReference; lastKnownFileType = sourcecode.swift; path = CheckboxCell.swift; sourceTree = "<group>"; };
		40A4B96C27588C8A00B9622E /* ServiceProviders.swift */ = {isa = PBXFileReference; lastKnownFileType = sourcecode.swift; path = ServiceProviders.swift; sourceTree = "<group>"; };
		40A4B96E27588FC900B9622E /* ServiceProviderCell.swift */ = {isa = PBXFileReference; lastKnownFileType = sourcecode.swift; path = ServiceProviderCell.swift; sourceTree = "<group>"; };
		40A4B9702758A07300B9622E /* FindServiceProviderCell.swift */ = {isa = PBXFileReference; lastKnownFileType = sourcecode.swift; path = FindServiceProviderCell.swift; sourceTree = "<group>"; };
		40A4B9722758A6DA00B9622E /* ServiceProviderDetailViewController.swift */ = {isa = PBXFileReference; lastKnownFileType = sourcecode.swift; path = ServiceProviderDetailViewController.swift; sourceTree = "<group>"; };
		40A6659F2750AA890047674C /* ImagesCell.swift */ = {isa = PBXFileReference; lastKnownFileType = sourcecode.swift; path = ImagesCell.swift; sourceTree = "<group>"; };
		40A665A32750C1D90047674C /* LocationManager.swift */ = {isa = PBXFileReference; lastKnownFileType = sourcecode.swift; path = LocationManager.swift; sourceTree = "<group>"; };
		40C97FCF2771B39700E21538 /* SettingsViewController.swift */ = {isa = PBXFileReference; lastKnownFileType = sourcecode.swift; path = SettingsViewController.swift; sourceTree = "<group>"; };
		40C97FD22771D45900E21538 /* UserDefaultConstants.swift */ = {isa = PBXFileReference; lastKnownFileType = sourcecode.swift; path = UserDefaultConstants.swift; sourceTree = "<group>"; };
		40C97FD42771DAB800E21538 /* NavigationViewController.swift */ = {isa = PBXFileReference; lastKnownFileType = sourcecode.swift; path = NavigationViewController.swift; sourceTree = "<group>"; };
		40D4CF932761EB6F00942F1B /* AreaType.swift */ = {isa = PBXFileReference; lastKnownFileType = sourcecode.swift; path = AreaType.swift; sourceTree = "<group>"; };
		4DF80F5787A2D7822D28D805 /* Pods-Mubooni.release.xcconfig */ = {isa = PBXFileReference; includeInIndex = 1; lastKnownFileType = text.xcconfig; name = "Pods-Mubooni.release.xcconfig"; path = "Target Support Files/Pods-Mubooni/Pods-Mubooni.release.xcconfig"; sourceTree = "<group>"; };
		802DEDD0275F6257008DD8B7 /* TenantListViewController.swift */ = {isa = PBXFileReference; lastKnownFileType = sourcecode.swift; path = TenantListViewController.swift; sourceTree = "<group>"; };
		802DEDD2275F6298008DD8B7 /* TenantListCell.swift */ = {isa = PBXFileReference; lastKnownFileType = sourcecode.swift; path = TenantListCell.swift; sourceTree = "<group>"; };
		802DEDD4275F7803008DD8B7 /* ServiceReportViewController.swift */ = {isa = PBXFileReference; lastKnownFileType = sourcecode.swift; path = ServiceReportViewController.swift; sourceTree = "<group>"; };
		802DEDD6275F781E008DD8B7 /* ServiceReportCell.swift */ = {isa = PBXFileReference; lastKnownFileType = sourcecode.swift; path = ServiceReportCell.swift; sourceTree = "<group>"; };
		8B1BE166274386C7006D5005 /* ProfileViewController.swift */ = {isa = PBXFileReference; lastKnownFileType = sourcecode.swift; path = ProfileViewController.swift; sourceTree = "<group>"; };
		8B9A78FC2746158E0020753B /* layer46@3x.png */ = {isa = PBXFileReference; lastKnownFileType = image.png; path = "layer46@3x.png"; sourceTree = "<group>"; };
		8B9A7900274625170020753B /* AddPropertyDescriptionViewController.swift */ = {isa = PBXFileReference; lastKnownFileType = sourcecode.swift; path = AddPropertyDescriptionViewController.swift; sourceTree = "<group>"; };
		8B9A7902274625430020753B /* AddPropertyMediaViewController.swift */ = {isa = PBXFileReference; lastKnownFileType = sourcecode.swift; path = AddPropertyMediaViewController.swift; sourceTree = "<group>"; };
		8B9A7904274625880020753B /* AddPropertyDetailsViewController.swift */ = {isa = PBXFileReference; lastKnownFileType = sourcecode.swift; path = AddPropertyDetailsViewController.swift; sourceTree = "<group>"; };
		8B9A7906274625CE0020753B /* AddPropertyAmenitiesViewController.swift */ = {isa = PBXFileReference; lastKnownFileType = sourcecode.swift; path = AddPropertyAmenitiesViewController.swift; sourceTree = "<group>"; };
		8B9A7908274628FD0020753B /* Roboto-Medium.ttf */ = {isa = PBXFileReference; lastKnownFileType = file; path = "Roboto-Medium.ttf"; sourceTree = "<group>"; };
		8B9BE98B2746564900A472AA /* PropertyType.swift */ = {isa = PBXFileReference; lastKnownFileType = sourcecode.swift; path = PropertyType.swift; sourceTree = "<group>"; };
		8BAE3C6D271FE982007C4400 /* UITextField+Extension.swift */ = {isa = PBXFileReference; lastKnownFileType = sourcecode.swift; path = "UITextField+Extension.swift"; sourceTree = "<group>"; };
		8BBA3ADA26D7B572000E1F6F /* MainFeaturedCell.swift */ = {isa = PBXFileReference; lastKnownFileType = sourcecode.swift; path = MainFeaturedCell.swift; sourceTree = "<group>"; };
		8BCA42F6273BA773002BC5BD /* AlertMessages.swift */ = {isa = PBXFileReference; lastKnownFileType = sourcecode.swift; path = AlertMessages.swift; sourceTree = "<group>"; };
		8BCA42F8273BAE29002BC5BD /* Properties.swift */ = {isa = PBXFileReference; lastKnownFileType = sourcecode.swift; path = Properties.swift; sourceTree = "<group>"; };
		8BCA42FA273BC230002BC5BD /* Units.swift */ = {isa = PBXFileReference; lastKnownFileType = sourcecode.swift; path = Units.swift; sourceTree = "<group>"; };
		8BCA42FC273D1346002BC5BD /* MyPropertiesViewController.swift */ = {isa = PBXFileReference; lastKnownFileType = sourcecode.swift; path = MyPropertiesViewController.swift; sourceTree = "<group>"; };
		8BCA42FE273D16EB002BC5BD /* MyPropertiesCell.swift */ = {isa = PBXFileReference; lastKnownFileType = sourcecode.swift; path = MyPropertiesCell.swift; sourceTree = "<group>"; };
		8BCA4300273E2CA1002BC5BD /* AgentPropertyDetailViewController.swift */ = {isa = PBXFileReference; lastKnownFileType = sourcecode.swift; path = AgentPropertyDetailViewController.swift; sourceTree = "<group>"; };
		988F5BD5275F229E008497F0 /* JobListCell.swift */ = {isa = PBXFileReference; lastKnownFileType = sourcecode.swift; path = JobListCell.swift; sourceTree = "<group>"; };
		9AF3E744092B8C4D06D80BC6 /* Pods_Mubooni.framework */ = {isa = PBXFileReference; explicitFileType = wrapper.framework; includeInIndex = 0; path = Pods_Mubooni.framework; sourceTree = BUILT_PRODUCTS_DIR; };
/* End PBXFileReference section */

/* Begin PBXFrameworksBuildPhase section */
		19925B7526D3E03200FC574F /* Frameworks */ = {
			isa = PBXFrameworksBuildPhase;
			buildActionMask = 2147483647;
			files = (
				124A69ECE5AEF2DB4540E30E /* Pods_Mubooni.framework in Frameworks */,
			);
			runOnlyForDeploymentPostprocessing = 0;
		};
		19925B8B26D3E03300FC574F /* Frameworks */ = {
			isa = PBXFrameworksBuildPhase;
			buildActionMask = 2147483647;
			files = (
			);
			runOnlyForDeploymentPostprocessing = 0;
		};
		19925B9626D3E03300FC574F /* Frameworks */ = {
			isa = PBXFrameworksBuildPhase;
			buildActionMask = 2147483647;
			files = (
			);
			runOnlyForDeploymentPostprocessing = 0;
		};
/* End PBXFrameworksBuildPhase section */

/* Begin PBXGroup section */
		191B480126D4AAD500552A2D /* AppDelegate */ = {
			isa = PBXGroup;
			children = (
				19925B7B26D3E03200FC574F /* AppDelegate.swift */,
			);
			path = AppDelegate;
			sourceTree = "<group>";
		};
		191B480226D4AADF00552A2D /* SceneDelegate */ = {
			isa = PBXGroup;
			children = (
				19925B7D26D3E03200FC574F /* SceneDelegate.swift */,
			);
			path = SceneDelegate;
			sourceTree = "<group>";
		};
		191B480326D4AAED00552A2D /* ViewControllers */ = {
			isa = PBXGroup;
			children = (
				8B9A7906274625CE0020753B /* AddPropertyAmenitiesViewController.swift */,
				8B9A7900274625170020753B /* AddPropertyDescriptionViewController.swift */,
				8B9A7904274625880020753B /* AddPropertyDetailsViewController.swift */,
				8B9A7902274625430020753B /* AddPropertyMediaViewController.swift */,
				19EBE022272187E900BD307F /* AgentDashboardViewController.swift */,
				8BCA4300273E2CA1002BC5BD /* AgentPropertyDetailViewController.swift */,
				4084A6A5276217EF0032AABF /* BookShortStayViewController.swift */,
				198C400D27583F96008866F2 /* FilteredPropertiesViewController.swift */,
				40A4B9642754ABA700B9622E /* FiltersViewController.swift */,
				19A262B22722C72000EDF5CE /* FindServiceProviderViewController.swift */,
				40124059275F42A30080FBA7 /* InquirySubmissionViewController.swift */,
				199720BA26D63B9D0044BE8D /* IntroScreensViewController.swift */,
				802DEDD4275F7803008DD8B7 /* ServiceReportViewController.swift */,
				40464E3D2758C21100615908 /* JobListViewController.swift */,
				802DEDD0275F6257008DD8B7 /* TenantListViewController.swift */,
				191B481826D4C01500552A2D /* LoginViewController.swift */,
				191B481626D4BEC900552A2D /* MainViewController.swift */,
				8BCA42FC273D1346002BC5BD /* MyPropertiesViewController.swift */,
				40C97FD42771DAB800E21538 /* NavigationViewController.swift */,
				8B1BE166274386C7006D5005 /* ProfileViewController.swift */,
				40124057275F3FCE0080FBA7 /* SearchOnMapViewController.swift */,
				40A4B9722758A6DA00B9622E /* ServiceProviderDetailViewController.swift */,
				40C97FCF2771B39700E21538 /* SettingsViewController.swift */,
				40464E3F2758C2FC00615908 /* ShuffleProfileViewController.swift */,
				191B480626D4AC1F00552A2D /* SignInViewController.swift */,
				199720B826D617D00044BE8D /* SignupViewController.swift */,
			);
			path = ViewControllers;
			sourceTree = "<group>";
		};
		191B480426D4AAFA00552A2D /* Storyboards */ = {
			isa = PBXGroup;
			children = (
				19EBE024272187FD00BD307F /* Agent.storyboard */,
				19925B8626D3E03300FC574F /* LaunchScreen.storyboard */,
				191B480826D4AC3400552A2D /* Login.storyboard */,
				19925B8126D3E03200FC574F /* Main.storyboard */,
			);
			path = Storyboards;
			sourceTree = "<group>";
		};
		191B480526D4AB0D00552A2D /* SupportingFiles */ = {
			isa = PBXGroup;
			children = (
				8B9A78FC2746158E0020753B /* layer46@3x.png */,
				199720BC26D63CFD0044BE8D /* CollectionViewCells */,
				199720B226D5F0F20044BE8D /* Extensions */,
				191B480E26D4BE2300552A2D /* Font */,
				19EBE01327213A1E00BD307F /* Models */,
				19EBE01F27216A5C00BD307F /* Singleton */,
				988F5BD4275F2267008497F0 /* TableViewCells */,
				19AD9E2C271E949B007639F1 /* Utils */,
				19925B8926D3E03300FC574F /* Info.plist */,
				19925B8426D3E03300FC574F /* Assets.xcassets */,
			);
			path = SupportingFiles;
			sourceTree = "<group>";
		};
		191B480A26D4AC8C00552A2D /* OtherClasses */ = {
			isa = PBXGroup;
			children = (
				8BCA42F5273BA760002BC5BD /* AlertMessages */,
				199720BF26D63D410044BE8D /* AppConstant */,
				19EBE01C27214B8D00BD307F /* Helper */,
				40C97FD12771D43100E21538 /* UserDefaultConstants */,
				191B480B26D4AC9D00552A2D /* ViewControllerHelper */,
			);
			path = OtherClasses;
			sourceTree = "<group>";
		};
		191B480B26D4AC9D00552A2D /* ViewControllerHelper */ = {
			isa = PBXGroup;
			children = (
				191B480C26D4ACB400552A2D /* ViewControllerHelper.swift */,
			);
			path = ViewControllerHelper;
			sourceTree = "<group>";
		};
		191B480E26D4BE2300552A2D /* Font */ = {
			isa = PBXGroup;
			children = (
				199720C226D640C70044BE8D /* Poppins */,
				191B480F26D4BE4B00552A2D /* Roboto */,
			);
			path = Font;
			sourceTree = "<group>";
		};
		191B480F26D4BE4B00552A2D /* Roboto */ = {
			isa = PBXGroup;
			children = (
				8B9A7908274628FD0020753B /* Roboto-Medium.ttf */,
				191B481226D4BE5900552A2D /* Roboto-Bold.ttf */,
				191B481126D4BE5900552A2D /* Roboto-Italic.ttf */,
				191B481026D4BE5800552A2D /* Roboto-Regular.ttf */,
			);
			path = Roboto;
			sourceTree = "<group>";
		};
		19925B6F26D3E03200FC574F = {
			isa = PBXGroup;
			children = (
				19925B7A26D3E03200FC574F /* Mubooni */,
				19925B9126D3E03300FC574F /* MubooniTests */,
				19925B9C26D3E03300FC574F /* MubooniUITests */,
				19925B7926D3E03200FC574F /* Products */,
				5858775D1F742423B8EF0FCB /* Frameworks */,
				6A3B4D2A84434108DB6675F6 /* Pods */,
			);
			sourceTree = "<group>";
		};
		19925B7926D3E03200FC574F /* Products */ = {
			isa = PBXGroup;
			children = (
				19925B7826D3E03200FC574F /* Mubooni.app */,
				19925B8E26D3E03300FC574F /* MubooniTests.xctest */,
				19925B9926D3E03300FC574F /* MubooniUITests.xctest */,
			);
			name = Products;
			sourceTree = "<group>";
		};
		19925B7A26D3E03200FC574F /* Mubooni */ = {
			isa = PBXGroup;
			children = (
				19AD9E33271E98EF007639F1 /* GoogleService-Info.plist */,
				191B480226D4AADF00552A2D /* SceneDelegate */,
				191B480126D4AAD500552A2D /* AppDelegate */,
				191B480A26D4AC8C00552A2D /* OtherClasses */,
				191B480326D4AAED00552A2D /* ViewControllers */,
				191B480426D4AAFA00552A2D /* Storyboards */,
				191B480526D4AB0D00552A2D /* SupportingFiles */,
			);
			path = Mubooni;
			sourceTree = "<group>";
		};
		19925B9126D3E03300FC574F /* MubooniTests */ = {
			isa = PBXGroup;
			children = (
				19925B9226D3E03300FC574F /* MubooniTests.swift */,
				19925B9426D3E03300FC574F /* Info.plist */,
			);
			path = MubooniTests;
			sourceTree = "<group>";
		};
		19925B9C26D3E03300FC574F /* MubooniUITests */ = {
			isa = PBXGroup;
			children = (
				19925B9D26D3E03300FC574F /* MubooniUITests.swift */,
				19925B9F26D3E03300FC574F /* Info.plist */,
			);
			path = MubooniUITests;
			sourceTree = "<group>";
		};
		199720B226D5F0F20044BE8D /* Extensions */ = {
			isa = PBXGroup;
			children = (
				199720B626D5F1910044BE8D /* UIColorExtension.swift */,
				8BAE3C6D271FE982007C4400 /* UITextField+Extension.swift */,
				199720B426D5F11C0044BE8D /* UIView+Extension.swift */,
			);
			path = Extensions;
			sourceTree = "<group>";
		};
		199720BC26D63CFD0044BE8D /* CollectionViewCells */ = {
			isa = PBXGroup;
			children = (
				4012405D2761C2CA0080FBA7 /* AddPropertyImageCell.swift */,
				40A4B9662754BF6900B9622E /* CheckboxCell.swift */,
				40A4B9702758A07300B9622E /* FindServiceProviderCell.swift */,
				802DEDD2275F6298008DD8B7 /* TenantListCell.swift */,
				40A6659F2750AA890047674C /* ImagesCell.swift */,
				199720BD26D63D330044BE8D /* IntroScreensCell.swift */,
				8BBA3ADA26D7B572000E1F6F /* MainFeaturedCell.swift */,
				8BCA42FE273D16EB002BC5BD /* MyPropertiesCell.swift */,
				40A4B96E27588FC900B9622E /* ServiceProviderCell.swift */,
			);
			path = CollectionViewCells;
			sourceTree = "<group>";
		};
		199720BF26D63D410044BE8D /* AppConstant */ = {
			isa = PBXGroup;
			children = (
				199720C026D63E360044BE8D /* AppConstants.swift */,
			);
			path = AppConstant;
			sourceTree = "<group>";
		};
		199720C226D640C70044BE8D /* Poppins */ = {
			isa = PBXGroup;
			children = (
				199720C426D640D30044BE8D /* Poppins-Bold.ttf */,
				199720C326D640D30044BE8D /* Poppins-Regular.ttf */,
			);
			path = Poppins;
			sourceTree = "<group>";
		};
		19AD9E2C271E949B007639F1 /* Utils */ = {
			isa = PBXGroup;
			children = (
				19AD9E2D271E94AA007639F1 /* WSConstants */,
				19AD9E2E271E94B5007639F1 /* WSManager */,
			);
			path = Utils;
			sourceTree = "<group>";
		};
		19AD9E2D271E94AA007639F1 /* WSConstants */ = {
			isa = PBXGroup;
			children = (
				19AD9E2F271E94E0007639F1 /* WSConstants.swift */,
			);
			path = WSConstants;
			sourceTree = "<group>";
		};
		19AD9E2E271E94B5007639F1 /* WSManager */ = {
			isa = PBXGroup;
			children = (
				19AD9E31271E9560007639F1 /* WSManager.swift */,
			);
			path = WSManager;
			sourceTree = "<group>";
		};
		19EBE01327213A1E00BD307F /* Models */ = {
			isa = PBXGroup;
			children = (
				40D4CF932761EB6F00942F1B /* AreaType.swift */,
				4012405B2760AB3F0080FBA7 /* Jobs.swift */,
				4084A6A3276211010032AABF /* PaymentReports.swift */,
				8BCA42F8273BAE29002BC5BD /* Properties.swift */,
				8B9BE98B2746564900A472AA /* PropertyType.swift */,
				40A4B96C27588C8A00B9622E /* ServiceProviders.swift */,
				19EBE01627213D5900BD307F /* Specilizations.swift */,
				40017FF727621FFD00955022 /* Tenants.swift */,
				8BCA42FA273BC230002BC5BD /* Units.swift */,
				19A262B02722BDC100EDF5CE /* UserProfile.swift */,
				19EBE01427213A3100BD307F /* UserRoles.swift */,
				40124053275DED1C0080FBA7 /* UnitType.swift */,
			);
			path = Models;
			sourceTree = "<group>";
		};
		19EBE01C27214B8D00BD307F /* Helper */ = {
			isa = PBXGroup;
			children = (
				19EBE01D27214BE900BD307F /* Helper.swift */,
			);
			path = Helper;
			sourceTree = "<group>";
		};
		19EBE01F27216A5C00BD307F /* Singleton */ = {
			isa = PBXGroup;
			children = (
				405671262763236400626314 /* AddProperty.swift */,
				40A665A32750C1D90047674C /* LocationManager.swift */,
				19EBE02027216A6A00BD307F /* Singleton.swift */,
			);
			path = Singleton;
			sourceTree = "<group>";
		};
		40C97FD12771D43100E21538 /* UserDefaultConstants */ = {
			isa = PBXGroup;
			children = (
				40C97FD22771D45900E21538 /* UserDefaultConstants.swift */,
			);
			path = UserDefaultConstants;
			sourceTree = "<group>";
		};
		5858775D1F742423B8EF0FCB /* Frameworks */ = {
			isa = PBXGroup;
			children = (
				9AF3E744092B8C4D06D80BC6 /* Pods_Mubooni.framework */,
			);
			name = Frameworks;
			sourceTree = "<group>";
		};
		6A3B4D2A84434108DB6675F6 /* Pods */ = {
			isa = PBXGroup;
			children = (
				27D2AF2F5FFE53C629BFCC33 /* Pods-Mubooni.debug.xcconfig */,
				4DF80F5787A2D7822D28D805 /* Pods-Mubooni.release.xcconfig */,
			);
			path = Pods;
			sourceTree = "<group>";
		};
		8BCA42F5273BA760002BC5BD /* AlertMessages */ = {
			isa = PBXGroup;
			children = (
				8BCA42F6273BA773002BC5BD /* AlertMessages.swift */,
			);
			path = AlertMessages;
			sourceTree = "<group>";
		};
		988F5BD4275F2267008497F0 /* TableViewCells */ = {
			isa = PBXGroup;
			children = (
				4012405F2761D3AB0080FBA7 /* AddPropertyUnitCell.swift */,
				988F5BD5275F229E008497F0 /* JobListCell.swift */,
				802DEDD6275F781E008DD8B7 /* ServiceReportCell.swift */,
			);
			path = TableViewCells;
			sourceTree = "<group>";
		};
/* End PBXGroup section */

/* Begin PBXNativeTarget section */
		19925B7726D3E03200FC574F /* Mubooni */ = {
			isa = PBXNativeTarget;
			buildConfigurationList = 19925BA226D3E03300FC574F /* Build configuration list for PBXNativeTarget "Mubooni" */;
			buildPhases = (
				6D11A00BFE7FC0658F0C56D2 /* [CP] Check Pods Manifest.lock */,
				19925B7426D3E03200FC574F /* Sources */,
				19925B7526D3E03200FC574F /* Frameworks */,
				19925B7626D3E03200FC574F /* Resources */,
				65B3D3891FACD4CF464EC8B5 /* [CP] Embed Pods Frameworks */,
				704D49D11DE0C7D20FB38BBF /* [CP] Copy Pods Resources */,
			);
			buildRules = (
			);
			dependencies = (
			);
			name = Mubooni;
			productName = Mubooni;
			productReference = 19925B7826D3E03200FC574F /* Mubooni.app */;
			productType = "com.apple.product-type.application";
		};
		19925B8D26D3E03300FC574F /* MubooniTests */ = {
			isa = PBXNativeTarget;
			buildConfigurationList = 19925BA526D3E03300FC574F /* Build configuration list for PBXNativeTarget "MubooniTests" */;
			buildPhases = (
				19925B8A26D3E03300FC574F /* Sources */,
				19925B8B26D3E03300FC574F /* Frameworks */,
				19925B8C26D3E03300FC574F /* Resources */,
			);
			buildRules = (
			);
			dependencies = (
				19925B9026D3E03300FC574F /* PBXTargetDependency */,
			);
			name = MubooniTests;
			productName = MubooniTests;
			productReference = 19925B8E26D3E03300FC574F /* MubooniTests.xctest */;
			productType = "com.apple.product-type.bundle.unit-test";
		};
		19925B9826D3E03300FC574F /* MubooniUITests */ = {
			isa = PBXNativeTarget;
			buildConfigurationList = 19925BA826D3E03300FC574F /* Build configuration list for PBXNativeTarget "MubooniUITests" */;
			buildPhases = (
				19925B9526D3E03300FC574F /* Sources */,
				19925B9626D3E03300FC574F /* Frameworks */,
				19925B9726D3E03300FC574F /* Resources */,
			);
			buildRules = (
			);
			dependencies = (
				19925B9B26D3E03300FC574F /* PBXTargetDependency */,
			);
			name = MubooniUITests;
			productName = MubooniUITests;
			productReference = 19925B9926D3E03300FC574F /* MubooniUITests.xctest */;
			productType = "com.apple.product-type.bundle.ui-testing";
		};
/* End PBXNativeTarget section */

/* Begin PBXProject section */
		19925B7026D3E03200FC574F /* Project object */ = {
			isa = PBXProject;
			attributes = {
				LastSwiftUpdateCheck = 1250;
				LastUpgradeCheck = 1250;
				TargetAttributes = {
					19925B7726D3E03200FC574F = {
						CreatedOnToolsVersion = 12.5.1;
					};
					19925B8D26D3E03300FC574F = {
						CreatedOnToolsVersion = 12.5.1;
						TestTargetID = 19925B7726D3E03200FC574F;
					};
					19925B9826D3E03300FC574F = {
						CreatedOnToolsVersion = 12.5.1;
						TestTargetID = 19925B7726D3E03200FC574F;
					};
				};
			};
			buildConfigurationList = 19925B7326D3E03200FC574F /* Build configuration list for PBXProject "Mubooni" */;
			compatibilityVersion = "Xcode 9.3";
			developmentRegion = en;
			hasScannedForEncodings = 0;
			knownRegions = (
				en,
				Base,
			);
			mainGroup = 19925B6F26D3E03200FC574F;
			productRefGroup = 19925B7926D3E03200FC574F /* Products */;
			projectDirPath = "";
			projectRoot = "";
			targets = (
				19925B7726D3E03200FC574F /* Mubooni */,
				19925B8D26D3E03300FC574F /* MubooniTests */,
				19925B9826D3E03300FC574F /* MubooniUITests */,
			);
		};
/* End PBXProject section */

/* Begin PBXResourcesBuildPhase section */
		19925B7626D3E03200FC574F /* Resources */ = {
			isa = PBXResourcesBuildPhase;
			buildActionMask = 2147483647;
			files = (
				8B9A7909274628FD0020753B /* Roboto-Medium.ttf in Resources */,
				19AD9E34271E98EF007639F1 /* GoogleService-Info.plist in Resources */,
				191B481526D4BE5900552A2D /* Roboto-Bold.ttf in Resources */,
				199720C626D640D30044BE8D /* Poppins-Bold.ttf in Resources */,
				8B9A78FD2746158E0020753B /* layer46@3x.png in Resources */,
				191B480926D4AC3400552A2D /* Login.storyboard in Resources */,
				191B481426D4BE5900552A2D /* Roboto-Italic.ttf in Resources */,
				19EBE025272187FD00BD307F /* Agent.storyboard in Resources */,
				19925B8826D3E03300FC574F /* LaunchScreen.storyboard in Resources */,
				191B481326D4BE5900552A2D /* Roboto-Regular.ttf in Resources */,
				19925B8526D3E03300FC574F /* Assets.xcassets in Resources */,
				19925B8326D3E03200FC574F /* Main.storyboard in Resources */,
				199720C526D640D30044BE8D /* Poppins-Regular.ttf in Resources */,
			);
			runOnlyForDeploymentPostprocessing = 0;
		};
		19925B8C26D3E03300FC574F /* Resources */ = {
			isa = PBXResourcesBuildPhase;
			buildActionMask = 2147483647;
			files = (
			);
			runOnlyForDeploymentPostprocessing = 0;
		};
		19925B9726D3E03300FC574F /* Resources */ = {
			isa = PBXResourcesBuildPhase;
			buildActionMask = 2147483647;
			files = (
			);
			runOnlyForDeploymentPostprocessing = 0;
		};
/* End PBXResourcesBuildPhase section */

/* Begin PBXShellScriptBuildPhase section */
		65B3D3891FACD4CF464EC8B5 /* [CP] Embed Pods Frameworks */ = {
			isa = PBXShellScriptBuildPhase;
			buildActionMask = 2147483647;
			files = (
			);
			inputFileListPaths = (
				"${PODS_ROOT}/Target Support Files/Pods-Mubooni/Pods-Mubooni-frameworks-${CONFIGURATION}-input-files.xcfilelist",
			);
			name = "[CP] Embed Pods Frameworks";
			outputFileListPaths = (
				"${PODS_ROOT}/Target Support Files/Pods-Mubooni/Pods-Mubooni-frameworks-${CONFIGURATION}-output-files.xcfilelist",
			);
			runOnlyForDeploymentPostprocessing = 0;
			shellPath = /bin/sh;
			shellScript = "\"${PODS_ROOT}/Target Support Files/Pods-Mubooni/Pods-Mubooni-frameworks.sh\"\n";
			showEnvVarsInLog = 0;
		};
		6D11A00BFE7FC0658F0C56D2 /* [CP] Check Pods Manifest.lock */ = {
			isa = PBXShellScriptBuildPhase;
			buildActionMask = 2147483647;
			files = (
			);
			inputFileListPaths = (
			);
			inputPaths = (
				"${PODS_PODFILE_DIR_PATH}/Podfile.lock",
				"${PODS_ROOT}/Manifest.lock",
			);
			name = "[CP] Check Pods Manifest.lock";
			outputFileListPaths = (
			);
			outputPaths = (
				"$(DERIVED_FILE_DIR)/Pods-Mubooni-checkManifestLockResult.txt",
			);
			runOnlyForDeploymentPostprocessing = 0;
			shellPath = /bin/sh;
			shellScript = "diff \"${PODS_PODFILE_DIR_PATH}/Podfile.lock\" \"${PODS_ROOT}/Manifest.lock\" > /dev/null\nif [ $? != 0 ] ; then\n    # print error to STDERR\n    echo \"error: The sandbox is not in sync with the Podfile.lock. Run 'pod install' or update your CocoaPods installation.\" >&2\n    exit 1\nfi\n# This output is used by Xcode 'outputs' to avoid re-running this script phase.\necho \"SUCCESS\" > \"${SCRIPT_OUTPUT_FILE_0}\"\n";
			showEnvVarsInLog = 0;
		};
		704D49D11DE0C7D20FB38BBF /* [CP] Copy Pods Resources */ = {
			isa = PBXShellScriptBuildPhase;
			buildActionMask = 2147483647;
			files = (
			);
			inputFileListPaths = (
				"${PODS_ROOT}/Target Support Files/Pods-Mubooni/Pods-Mubooni-resources-${CONFIGURATION}-input-files.xcfilelist",
			);
			name = "[CP] Copy Pods Resources";
			outputFileListPaths = (
				"${PODS_ROOT}/Target Support Files/Pods-Mubooni/Pods-Mubooni-resources-${CONFIGURATION}-output-files.xcfilelist",
			);
			runOnlyForDeploymentPostprocessing = 0;
			shellPath = /bin/sh;
			shellScript = "\"${PODS_ROOT}/Target Support Files/Pods-Mubooni/Pods-Mubooni-resources.sh\"\n";
			showEnvVarsInLog = 0;
		};
/* End PBXShellScriptBuildPhase section */

/* Begin PBXSourcesBuildPhase section */
		19925B7426D3E03200FC574F /* Sources */ = {
			isa = PBXSourcesBuildPhase;
			buildActionMask = 2147483647;
			files = (
				8B9A7905274625880020753B /* AddPropertyDetailsViewController.swift in Sources */,
				199720B926D617D00044BE8D /* SignupViewController.swift in Sources */,
				988F5BD6275F229E008497F0 /* JobListCell.swift in Sources */,
				40464E402758C2FC00615908 /* ShuffleProfileViewController.swift in Sources */,
				40A4B9732758A6DA00B9622E /* ServiceProviderDetailViewController.swift in Sources */,
				8BCA42FB273BC230002BC5BD /* Units.swift in Sources */,
				802DEDD1275F6257008DD8B7 /* TenantListViewController.swift in Sources */,
				199720BE26D63D330044BE8D /* IntroScreensCell.swift in Sources */,
				4012405C2760AB3F0080FBA7 /* Jobs.swift in Sources */,
				19EBE01727213D5900BD307F /* Specilizations.swift in Sources */,
				191B481926D4C01500552A2D /* LoginViewController.swift in Sources */,
				4012405A275F42A30080FBA7 /* InquirySubmissionViewController.swift in Sources */,
				19A262B32722C72000EDF5CE /* FindServiceProviderViewController.swift in Sources */,
				199720BB26D63B9D0044BE8D /* IntroScreensViewController.swift in Sources */,
				8BCA4301273E2CA1002BC5BD /* AgentPropertyDetailViewController.swift in Sources */,
				199720B526D5F11C0044BE8D /* UIView+Extension.swift in Sources */,
				8B9A7901274625170020753B /* AddPropertyDescriptionViewController.swift in Sources */,
				8BAE3C6E271FE982007C4400 /* UITextField+Extension.swift in Sources */,
				40A4B9672754BF6900B9622E /* CheckboxCell.swift in Sources */,
				8BCA42F9273BAE29002BC5BD /* Properties.swift in Sources */,
				40124054275DED1C0080FBA7 /* UnitType.swift in Sources */,
				8B9A7903274625430020753B /* AddPropertyMediaViewController.swift in Sources */,
				40C97FD32771D45900E21538 /* UserDefaultConstants.swift in Sources */,
				19AD9E30271E94E0007639F1 /* WSConstants.swift in Sources */,
				40C97FD02771B39700E21538 /* SettingsViewController.swift in Sources */,
				8B1BE167274386C7006D5005 /* ProfileViewController.swift in Sources */,
				19EBE01E27214BE900BD307F /* Helper.swift in Sources */,
				802DEDD5275F7803008DD8B7 /* ServiceReportViewController.swift in Sources */,
				4084A6A6276217EF0032AABF /* BookShortStayViewController.swift in Sources */,
				191B480D26D4ACB400552A2D /* ViewControllerHelper.swift in Sources */,
				199720B726D5F1910044BE8D /* UIColorExtension.swift in Sources */,
				199720C126D63E360044BE8D /* AppConstants.swift in Sources */,
				19925B7C26D3E03200FC574F /* AppDelegate.swift in Sources */,
				40A665A02750AA890047674C /* ImagesCell.swift in Sources */,
				8BCA42FF273D16EB002BC5BD /* MyPropertiesCell.swift in Sources */,
				802DEDD7275F781E008DD8B7 /* ServiceReportCell.swift in Sources */,
				198C400E27583F96008866F2 /* FilteredPropertiesViewController.swift in Sources */,
				40D4CF942761EB6F00942F1B /* AreaType.swift in Sources */,
				4084A6A4276211010032AABF /* PaymentReports.swift in Sources */,
				401240602761D3AB0080FBA7 /* AddPropertyUnitCell.swift in Sources */,
				40017FF827621FFD00955022 /* Tenants.swift in Sources */,
				19EBE02127216A6B00BD307F /* Singleton.swift in Sources */,
				19AD9E32271E9560007639F1 /* WSManager.swift in Sources */,
				40A4B96D27588C8A00B9622E /* ServiceProviders.swift in Sources */,
				4012405E2761C2CA0080FBA7 /* AddPropertyImageCell.swift in Sources */,
				40A4B9712758A07300B9622E /* FindServiceProviderCell.swift in Sources */,
				8BBA3ADB26D7B572000E1F6F /* MainFeaturedCell.swift in Sources */,
				19A262B12722BDC100EDF5CE /* UserProfile.swift in Sources */,
				19925B7E26D3E03200FC574F /* SceneDelegate.swift in Sources */,
				8B9A7907274625CE0020753B /* AddPropertyAmenitiesViewController.swift in Sources */,
				191B480726D4AC1F00552A2D /* SignInViewController.swift in Sources */,
				802DEDD3275F6298008DD8B7 /* TenantListCell.swift in Sources */,
				40A4B9652754ABA700B9622E /* FiltersViewController.swift in Sources */,
				40C97FD52771DAB800E21538 /* NavigationViewController.swift in Sources */,
				40124058275F3FCE0080FBA7 /* SearchOnMapViewController.swift in Sources */,
				40A4B96F27588FC900B9622E /* ServiceProviderCell.swift in Sources */,
				8B9BE98C2746564900A472AA /* PropertyType.swift in Sources */,
				40464E3E2758C21100615908 /* JobListViewController.swift in Sources */,
				19EBE023272187E900BD307F /* AgentDashboardViewController.swift in Sources */,
				40A665A42750C1D90047674C /* LocationManager.swift in Sources */,
				405671272763236400626314 /* AddProperty.swift in Sources */,
				191B481726D4BEC900552A2D /* MainViewController.swift in Sources */,
				8BCA42FD273D1346002BC5BD /* MyPropertiesViewController.swift in Sources */,
				8BCA42F7273BA773002BC5BD /* AlertMessages.swift in Sources */,
				19EBE01527213A3100BD307F /* UserRoles.swift in Sources */,
			);
			runOnlyForDeploymentPostprocessing = 0;
		};
		19925B8A26D3E03300FC574F /* Sources */ = {
			isa = PBXSourcesBuildPhase;
			buildActionMask = 2147483647;
			files = (
				19925B9326D3E03300FC574F /* MubooniTests.swift in Sources */,
			);
			runOnlyForDeploymentPostprocessing = 0;
		};
		19925B9526D3E03300FC574F /* Sources */ = {
			isa = PBXSourcesBuildPhase;
			buildActionMask = 2147483647;
			files = (
				19925B9E26D3E03300FC574F /* MubooniUITests.swift in Sources */,
			);
			runOnlyForDeploymentPostprocessing = 0;
		};
/* End PBXSourcesBuildPhase section */

/* Begin PBXTargetDependency section */
		19925B9026D3E03300FC574F /* PBXTargetDependency */ = {
			isa = PBXTargetDependency;
			target = 19925B7726D3E03200FC574F /* Mubooni */;
			targetProxy = 19925B8F26D3E03300FC574F /* PBXContainerItemProxy */;
		};
		19925B9B26D3E03300FC574F /* PBXTargetDependency */ = {
			isa = PBXTargetDependency;
			target = 19925B7726D3E03200FC574F /* Mubooni */;
			targetProxy = 19925B9A26D3E03300FC574F /* PBXContainerItemProxy */;
		};
/* End PBXTargetDependency section */

/* Begin PBXVariantGroup section */
		19925B8126D3E03200FC574F /* Main.storyboard */ = {
			isa = PBXVariantGroup;
			children = (
				19925B8226D3E03200FC574F /* Base */,
			);
			name = Main.storyboard;
			sourceTree = "<group>";
		};
		19925B8626D3E03300FC574F /* LaunchScreen.storyboard */ = {
			isa = PBXVariantGroup;
			children = (
				19925B8726D3E03300FC574F /* Base */,
			);
			name = LaunchScreen.storyboard;
			sourceTree = "<group>";
		};
/* End PBXVariantGroup section */

/* Begin XCBuildConfiguration section */
		19925BA026D3E03300FC574F /* Debug */ = {
			isa = XCBuildConfiguration;
			buildSettings = {
				ALWAYS_SEARCH_USER_PATHS = NO;
				CLANG_ANALYZER_NONNULL = YES;
				CLANG_ANALYZER_NUMBER_OBJECT_CONVERSION = YES_AGGRESSIVE;
				CLANG_CXX_LANGUAGE_STANDARD = "gnu++14";
				CLANG_CXX_LIBRARY = "libc++";
				CLANG_ENABLE_MODULES = YES;
				CLANG_ENABLE_OBJC_ARC = YES;
				CLANG_ENABLE_OBJC_WEAK = YES;
				CLANG_WARN_BLOCK_CAPTURE_AUTORELEASING = YES;
				CLANG_WARN_BOOL_CONVERSION = YES;
				CLANG_WARN_COMMA = YES;
				CLANG_WARN_CONSTANT_CONVERSION = YES;
				CLANG_WARN_DEPRECATED_OBJC_IMPLEMENTATIONS = YES;
				CLANG_WARN_DIRECT_OBJC_ISA_USAGE = YES_ERROR;
				CLANG_WARN_DOCUMENTATION_COMMENTS = YES;
				CLANG_WARN_EMPTY_BODY = YES;
				CLANG_WARN_ENUM_CONVERSION = YES;
				CLANG_WARN_INFINITE_RECURSION = YES;
				CLANG_WARN_INT_CONVERSION = YES;
				CLANG_WARN_NON_LITERAL_NULL_CONVERSION = YES;
				CLANG_WARN_OBJC_IMPLICIT_RETAIN_SELF = YES;
				CLANG_WARN_OBJC_LITERAL_CONVERSION = YES;
				CLANG_WARN_OBJC_ROOT_CLASS = YES_ERROR;
				CLANG_WARN_QUOTED_INCLUDE_IN_FRAMEWORK_HEADER = YES;
				CLANG_WARN_RANGE_LOOP_ANALYSIS = YES;
				CLANG_WARN_STRICT_PROTOTYPES = YES;
				CLANG_WARN_SUSPICIOUS_MOVE = YES;
				CLANG_WARN_UNGUARDED_AVAILABILITY = YES_AGGRESSIVE;
				CLANG_WARN_UNREACHABLE_CODE = YES;
				CLANG_WARN__DUPLICATE_METHOD_MATCH = YES;
				COPY_PHASE_STRIP = NO;
				DEBUG_INFORMATION_FORMAT = dwarf;
				ENABLE_STRICT_OBJC_MSGSEND = YES;
				ENABLE_TESTABILITY = YES;
				GCC_C_LANGUAGE_STANDARD = gnu11;
				GCC_DYNAMIC_NO_PIC = NO;
				GCC_NO_COMMON_BLOCKS = YES;
				GCC_OPTIMIZATION_LEVEL = 0;
				GCC_PREPROCESSOR_DEFINITIONS = (
					"DEBUG=1",
					"$(inherited)",
				);
				GCC_WARN_64_TO_32_BIT_CONVERSION = YES;
				GCC_WARN_ABOUT_RETURN_TYPE = YES_ERROR;
				GCC_WARN_UNDECLARED_SELECTOR = YES;
				GCC_WARN_UNINITIALIZED_AUTOS = YES_AGGRESSIVE;
				GCC_WARN_UNUSED_FUNCTION = YES;
				GCC_WARN_UNUSED_VARIABLE = YES;
				IPHONEOS_DEPLOYMENT_TARGET = 12.0;
				MTL_ENABLE_DEBUG_INFO = INCLUDE_SOURCE;
				MTL_FAST_MATH = YES;
				ONLY_ACTIVE_ARCH = YES;
				SDKROOT = iphoneos;
				SWIFT_ACTIVE_COMPILATION_CONDITIONS = DEBUG;
				SWIFT_OPTIMIZATION_LEVEL = "-Onone";
			};
			name = Debug;
		};
		19925BA126D3E03300FC574F /* Release */ = {
			isa = XCBuildConfiguration;
			buildSettings = {
				ALWAYS_SEARCH_USER_PATHS = NO;
				CLANG_ANALYZER_NONNULL = YES;
				CLANG_ANALYZER_NUMBER_OBJECT_CONVERSION = YES_AGGRESSIVE;
				CLANG_CXX_LANGUAGE_STANDARD = "gnu++14";
				CLANG_CXX_LIBRARY = "libc++";
				CLANG_ENABLE_MODULES = YES;
				CLANG_ENABLE_OBJC_ARC = YES;
				CLANG_ENABLE_OBJC_WEAK = YES;
				CLANG_WARN_BLOCK_CAPTURE_AUTORELEASING = YES;
				CLANG_WARN_BOOL_CONVERSION = YES;
				CLANG_WARN_COMMA = YES;
				CLANG_WARN_CONSTANT_CONVERSION = YES;
				CLANG_WARN_DEPRECATED_OBJC_IMPLEMENTATIONS = YES;
				CLANG_WARN_DIRECT_OBJC_ISA_USAGE = YES_ERROR;
				CLANG_WARN_DOCUMENTATION_COMMENTS = YES;
				CLANG_WARN_EMPTY_BODY = YES;
				CLANG_WARN_ENUM_CONVERSION = YES;
				CLANG_WARN_INFINITE_RECURSION = YES;
				CLANG_WARN_INT_CONVERSION = YES;
				CLANG_WARN_NON_LITERAL_NULL_CONVERSION = YES;
				CLANG_WARN_OBJC_IMPLICIT_RETAIN_SELF = YES;
				CLANG_WARN_OBJC_LITERAL_CONVERSION = YES;
				CLANG_WARN_OBJC_ROOT_CLASS = YES_ERROR;
				CLANG_WARN_QUOTED_INCLUDE_IN_FRAMEWORK_HEADER = YES;
				CLANG_WARN_RANGE_LOOP_ANALYSIS = YES;
				CLANG_WARN_STRICT_PROTOTYPES = YES;
				CLANG_WARN_SUSPICIOUS_MOVE = YES;
				CLANG_WARN_UNGUARDED_AVAILABILITY = YES_AGGRESSIVE;
				CLANG_WARN_UNREACHABLE_CODE = YES;
				CLANG_WARN__DUPLICATE_METHOD_MATCH = YES;
				COPY_PHASE_STRIP = NO;
				DEBUG_INFORMATION_FORMAT = "dwarf-with-dsym";
				ENABLE_NS_ASSERTIONS = NO;
				ENABLE_STRICT_OBJC_MSGSEND = YES;
				GCC_C_LANGUAGE_STANDARD = gnu11;
				GCC_NO_COMMON_BLOCKS = YES;
				GCC_WARN_64_TO_32_BIT_CONVERSION = YES;
				GCC_WARN_ABOUT_RETURN_TYPE = YES_ERROR;
				GCC_WARN_UNDECLARED_SELECTOR = YES;
				GCC_WARN_UNINITIALIZED_AUTOS = YES_AGGRESSIVE;
				GCC_WARN_UNUSED_FUNCTION = YES;
				GCC_WARN_UNUSED_VARIABLE = YES;
				IPHONEOS_DEPLOYMENT_TARGET = 12.0;
				MTL_ENABLE_DEBUG_INFO = NO;
				MTL_FAST_MATH = YES;
				SDKROOT = iphoneos;
				SWIFT_COMPILATION_MODE = wholemodule;
				SWIFT_OPTIMIZATION_LEVEL = "-O";
				VALIDATE_PRODUCT = YES;
			};
			name = Release;
		};
		19925BA326D3E03300FC574F /* Debug */ = {
			isa = XCBuildConfiguration;
			baseConfigurationReference = 27D2AF2F5FFE53C629BFCC33 /* Pods-Mubooni.debug.xcconfig */;
			buildSettings = {
				ASSETCATALOG_COMPILER_APPICON_NAME = AppIcon;
				ASSETCATALOG_COMPILER_GLOBAL_ACCENT_COLOR_NAME = AccentColor;
				CODE_SIGN_STYLE = Automatic;
				DEVELOPMENT_TEAM = 63UZA2YPYP;
				ENABLE_TESTABILITY = NO;
				GCC_NO_COMMON_BLOCKS = YES;
				INFOPLIST_FILE = "$(SRCROOT)/Mubooni/SupportingFiles/Info.plist";
				IPHONEOS_DEPLOYMENT_TARGET = 12.0;
				LD_RUNPATH_SEARCH_PATHS = (
					"$(inherited)",
					"@executable_path/Frameworks",
				);
				PRODUCT_BUNDLE_IDENTIFIER = com.Mubooni.iOS;
				PRODUCT_NAME = "$(TARGET_NAME)";
				SWIFT_VERSION = 5.0;
				TARGETED_DEVICE_FAMILY = "1,2";
			};
			name = Debug;
		};
		19925BA426D3E03300FC574F /* Release */ = {
			isa = XCBuildConfiguration;
			baseConfigurationReference = 4DF80F5787A2D7822D28D805 /* Pods-Mubooni.release.xcconfig */;
			buildSettings = {
				ASSETCATALOG_COMPILER_APPICON_NAME = AppIcon;
				ASSETCATALOG_COMPILER_GLOBAL_ACCENT_COLOR_NAME = AccentColor;
				CODE_SIGN_STYLE = Automatic;
				DEVELOPMENT_TEAM = 63UZA2YPYP;
				GCC_NO_COMMON_BLOCKS = YES;
				INFOPLIST_FILE = "$(SRCROOT)/Mubooni/SupportingFiles/Info.plist";
				IPHONEOS_DEPLOYMENT_TARGET = 12.0;
				LD_RUNPATH_SEARCH_PATHS = (
					"$(inherited)",
					"@executable_path/Frameworks",
				);
				PRODUCT_BUNDLE_IDENTIFIER = com.Mubooni.iOS;
				PRODUCT_NAME = "$(TARGET_NAME)";
				SWIFT_VERSION = 5.0;
				TARGETED_DEVICE_FAMILY = "1,2";
			};
			name = Release;
		};
		19925BA626D3E03300FC574F /* Debug */ = {
			isa = XCBuildConfiguration;
			buildSettings = {
				ALWAYS_EMBED_SWIFT_STANDARD_LIBRARIES = YES;
				BUNDLE_LOADER = "$(TEST_HOST)";
				CODE_SIGN_STYLE = Automatic;
				DEVELOPMENT_TEAM = 63UZA2YPYP;
				INFOPLIST_FILE = MubooniTests/Info.plist;
				IPHONEOS_DEPLOYMENT_TARGET = 14.5;
				LD_RUNPATH_SEARCH_PATHS = (
					"$(inherited)",
					"@executable_path/Frameworks",
					"@loader_path/Frameworks",
				);
				PRODUCT_BUNDLE_IDENTIFIER = com.MubooniTests;
				PRODUCT_NAME = "$(TARGET_NAME)";
				SWIFT_VERSION = 5.0;
				TARGETED_DEVICE_FAMILY = "1,2";
				TEST_HOST = "$(BUILT_PRODUCTS_DIR)/Mubooni.app/Mubooni";
			};
			name = Debug;
		};
		19925BA726D3E03300FC574F /* Release */ = {
			isa = XCBuildConfiguration;
			buildSettings = {
				ALWAYS_EMBED_SWIFT_STANDARD_LIBRARIES = YES;
				BUNDLE_LOADER = "$(TEST_HOST)";
				CODE_SIGN_STYLE = Automatic;
				DEVELOPMENT_TEAM = 63UZA2YPYP;
				INFOPLIST_FILE = MubooniTests/Info.plist;
				IPHONEOS_DEPLOYMENT_TARGET = 14.5;
				LD_RUNPATH_SEARCH_PATHS = (
					"$(inherited)",
					"@executable_path/Frameworks",
					"@loader_path/Frameworks",
				);
				PRODUCT_BUNDLE_IDENTIFIER = com.MubooniTests;
				PRODUCT_NAME = "$(TARGET_NAME)";
				SWIFT_VERSION = 5.0;
				TARGETED_DEVICE_FAMILY = "1,2";
				TEST_HOST = "$(BUILT_PRODUCTS_DIR)/Mubooni.app/Mubooni";
			};
			name = Release;
		};
		19925BA926D3E03300FC574F /* Debug */ = {
			isa = XCBuildConfiguration;
			buildSettings = {
				ALWAYS_EMBED_SWIFT_STANDARD_LIBRARIES = YES;
				CODE_SIGN_STYLE = Automatic;
				DEVELOPMENT_TEAM = 63UZA2YPYP;
				INFOPLIST_FILE = MubooniUITests/Info.plist;
				LD_RUNPATH_SEARCH_PATHS = (
					"$(inherited)",
					"@executable_path/Frameworks",
					"@loader_path/Frameworks",
				);
				PRODUCT_BUNDLE_IDENTIFIER = com.MubooniUITests;
				PRODUCT_NAME = "$(TARGET_NAME)";
				SWIFT_VERSION = 5.0;
				TARGETED_DEVICE_FAMILY = "1,2";
				TEST_TARGET_NAME = Mubooni;
			};
			name = Debug;
		};
		19925BAA26D3E03300FC574F /* Release */ = {
			isa = XCBuildConfiguration;
			buildSettings = {
				ALWAYS_EMBED_SWIFT_STANDARD_LIBRARIES = YES;
				CODE_SIGN_STYLE = Automatic;
				DEVELOPMENT_TEAM = 63UZA2YPYP;
				INFOPLIST_FILE = MubooniUITests/Info.plist;
				LD_RUNPATH_SEARCH_PATHS = (
					"$(inherited)",
					"@executable_path/Frameworks",
					"@loader_path/Frameworks",
				);
				PRODUCT_BUNDLE_IDENTIFIER = com.MubooniUITests;
				PRODUCT_NAME = "$(TARGET_NAME)";
				SWIFT_VERSION = 5.0;
				TARGETED_DEVICE_FAMILY = "1,2";
				TEST_TARGET_NAME = Mubooni;
			};
			name = Release;
		};
/* End XCBuildConfiguration section */

/* Begin XCConfigurationList section */
		19925B7326D3E03200FC574F /* Build configuration list for PBXProject "Mubooni" */ = {
			isa = XCConfigurationList;
			buildConfigurations = (
				19925BA026D3E03300FC574F /* Debug */,
				19925BA126D3E03300FC574F /* Release */,
			);
			defaultConfigurationIsVisible = 0;
			defaultConfigurationName = Release;
		};
		19925BA226D3E03300FC574F /* Build configuration list for PBXNativeTarget "Mubooni" */ = {
			isa = XCConfigurationList;
			buildConfigurations = (
				19925BA326D3E03300FC574F /* Debug */,
				19925BA426D3E03300FC574F /* Release */,
			);
			defaultConfigurationIsVisible = 0;
			defaultConfigurationName = Release;
		};
		19925BA526D3E03300FC574F /* Build configuration list for PBXNativeTarget "MubooniTests" */ = {
			isa = XCConfigurationList;
			buildConfigurations = (
				19925BA626D3E03300FC574F /* Debug */,
				19925BA726D3E03300FC574F /* Release */,
			);
			defaultConfigurationIsVisible = 0;
			defaultConfigurationName = Release;
		};
		19925BA826D3E03300FC574F /* Build configuration list for PBXNativeTarget "MubooniUITests" */ = {
			isa = XCConfigurationList;
			buildConfigurations = (
				19925BA926D3E03300FC574F /* Debug */,
				19925BAA26D3E03300FC574F /* Release */,
			);
			defaultConfigurationIsVisible = 0;
			defaultConfigurationName = Release;
		};
/* End XCConfigurationList section */
	};
	rootObject = 19925B7026D3E03200FC574F /* Project object */;
}
